// !$*UTF8*$!
{
	archiveVersion = 1;
	classes = {
	};
	objectVersion = 46;
	objects = {

/* Begin PBXFileReference section */
		84B9D52516FFE684002CD441 /* License.md */ = {isa = PBXFileReference; fileEncoding = 4; lastKnownFileType = text; path = License.md; sourceTree = "<group>"; };
		84B9D52616FFE684002CD441 /* makefile */ = {isa = PBXFileReference; fileEncoding = 4; lastKnownFileType = sourcecode.make; lineEnding = 0; path = makefile; sourceTree = "<group>"; usesTabs = 1; };
		84B9D52716FFE684002CD441 /* README.md */ = {isa = PBXFileReference; fileEncoding = 4; lastKnownFileType = net.daringfireball.markdown; path = README.md; sourceTree = "<group>"; };
		ED02043C1CA77082006E7175 /* SSDT-XHC.dsl */ = {isa = PBXFileReference; fileEncoding = 4; lastKnownFileType = text; name = "SSDT-XHC.dsl"; path = "hotpatch/SSDT-XHC.dsl"; sourceTree = "<group>"; };
		ED02043D1CA77082006E7175 /* SSDT-EH02.dsl */ = {isa = PBXFileReference; fileEncoding = 4; lastKnownFileType = text; name = "SSDT-EH02.dsl"; path = "hotpatch/SSDT-EH02.dsl"; sourceTree = "<group>"; };
		ED02043E1CA77082006E7175 /* SSDT-EH01.dsl */ = {isa = PBXFileReference; fileEncoding = 4; lastKnownFileType = text; name = "SSDT-EH01.dsl"; path = "hotpatch/SSDT-EH01.dsl"; sourceTree = "<group>"; };
		ED02043F1CA770A2006E7175 /* SSDT-HDEF.dsl */ = {isa = PBXFileReference; fileEncoding = 4; lastKnownFileType = text; lineEnding = 0; name = "SSDT-HDEF.dsl"; path = "hotpatch/SSDT-HDEF.dsl"; sourceTree = "<group>"; xcLanguageSpecificationIdentifier = xcode.lang.simpleColoring; };
		ED0204401CA770A2006E7175 /* SSDT-HDAU.dsl */ = {isa = PBXFileReference; fileEncoding = 4; lastKnownFileType = text; lineEnding = 0; name = "SSDT-HDAU.dsl"; path = "hotpatch/SSDT-HDAU.dsl"; sourceTree = "<group>"; xcLanguageSpecificationIdentifier = xcode.lang.simpleColoring; };
		ED08499A1F05AA5100B0828D /* SSDT-UPRW.dsl */ = {isa = PBXFileReference; fileEncoding = 4; lastKnownFileType = text; name = "SSDT-UPRW.dsl"; path = "hotpatch/SSDT-UPRW.dsl"; sourceTree = "<group>"; };
		ED08499B1F05AA5100B0828D /* SSDT-GPRW.dsl */ = {isa = PBXFileReference; fileEncoding = 4; lastKnownFileType = text; name = "SSDT-GPRW.dsl"; path = "hotpatch/SSDT-GPRW.dsl"; sourceTree = "<group>"; };
		ED0A92CD1DFEE98E002D3AC9 /* config_patches.plist */ = {isa = PBXFileReference; fileEncoding = 4; lastKnownFileType = text.plist.xml; path = config_patches.plist; sourceTree = "<group>"; };
		ED16FCE51C98D3F6002B97A6 /* SSDT-XWAK.dsl */ = {isa = PBXFileReference; fileEncoding = 4; lastKnownFileType = text; name = "SSDT-XWAK.dsl"; path = "hotpatch/SSDT-XWAK.dsl"; sourceTree = "<group>"; };
		ED1D74A61F61C25900BE4F5C /* config_HD510.plist */ = {isa = PBXFileReference; fileEncoding = 4; lastKnownFileType = text.plist.xml; path = config_HD510.plist; sourceTree = "<group>"; };
		ED2500581CF681E2006A5FB7 /* config_HD5600.plist */ = {isa = PBXFileReference; fileEncoding = 4; lastKnownFileType = text.plist.xml; path = config_HD5600.plist; sourceTree = "<group>"; };
		ED3636B91CA426EF004CE8B4 /* config_HD515_520_530_540.plist */ = {isa = PBXFileReference; fileEncoding = 4; lastKnownFileType = text.plist.xml; path = config_HD515_520_530_540.plist; sourceTree = "<group>"; };
		ED415C871DDE28C900AC633E /* SSDT-DEH01.dsl */ = {isa = PBXFileReference; fileEncoding = 4; lastKnownFileType = text; name = "SSDT-DEH01.dsl"; path = "hotpatch/SSDT-DEH01.dsl"; sourceTree = "<group>"; };
		ED415C881DDE28CF00AC633E /* SSDT-DEH02.dsl */ = {isa = PBXFileReference; fileEncoding = 4; lastKnownFileType = text; name = "SSDT-DEH02.dsl"; path = "hotpatch/SSDT-DEH02.dsl"; sourceTree = "<group>"; };
		ED57679B1CF5D81300ABAEF8 /* config_HD550_P530.plist */ = {isa = PBXFileReference; fileEncoding = 4; lastKnownFileType = text.plist.xml; path = config_HD550_P530.plist; sourceTree = "<group>"; };
		ED6DB3B41C873F5C00DB1B7A /* config_HD3000_1366x768_7series.plist */ = {isa = PBXFileReference; fileEncoding = 4; lastKnownFileType = text.plist.xml; path = config_HD3000_1366x768_7series.plist; sourceTree = "<group>"; };
		ED6DB3B51C873F5C00DB1B7A /* config_HD3000_1366x768.plist */ = {isa = PBXFileReference; fileEncoding = 4; lastKnownFileType = text.plist.xml; path = config_HD3000_1366x768.plist; sourceTree = "<group>"; };
		ED6DB3B61C873F5C00DB1B7A /* config_HD3000_1600x900_7series.plist */ = {isa = PBXFileReference; fileEncoding = 4; lastKnownFileType = text.plist.xml; path = config_HD3000_1600x900_7series.plist; sourceTree = "<group>"; };
		ED6DB3B71C873F5C00DB1B7A /* config_HD3000_1600x900.plist */ = {isa = PBXFileReference; fileEncoding = 4; lastKnownFileType = text.plist.xml; path = config_HD3000_1600x900.plist; sourceTree = "<group>"; };
		ED6DB3B81C873F5C00DB1B7A /* config_HD4000_1366x768_6series.plist */ = {isa = PBXFileReference; fileEncoding = 4; lastKnownFileType = text.plist.xml; path = config_HD4000_1366x768_6series.plist; sourceTree = "<group>"; };
		ED6DB3B91C873F5C00DB1B7A /* config_HD4000_1366x768.plist */ = {isa = PBXFileReference; fileEncoding = 4; lastKnownFileType = text.plist.xml; path = config_HD4000_1366x768.plist; sourceTree = "<group>"; };
		ED6DB3BA1C873F5C00DB1B7A /* config_HD4000_1600x900_6series.plist */ = {isa = PBXFileReference; fileEncoding = 4; lastKnownFileType = text.plist.xml; path = config_HD4000_1600x900_6series.plist; sourceTree = "<group>"; };
		ED6DB3BB1C873F5C00DB1B7A /* config_HD4000_1600x900.plist */ = {isa = PBXFileReference; fileEncoding = 4; lastKnownFileType = text.plist.xml; path = config_HD4000_1600x900.plist; sourceTree = "<group>"; };
		ED6DB3BC1C873F5C00DB1B7A /* config_HD4600_4400_4200.plist */ = {isa = PBXFileReference; fileEncoding = 4; lastKnownFileType = text.plist.xml; path = config_HD4600_4400_4200.plist; sourceTree = "<group>"; };
		ED6DB3BD1C873F5C00DB1B7A /* config_HD5000_5100_5200.plist */ = {isa = PBXFileReference; fileEncoding = 4; lastKnownFileType = text.plist.xml; path = config_HD5000_5100_5200.plist; sourceTree = "<group>"; };
		ED6DB3BE1C873F5C00DB1B7A /* config_HD5300_5500_6000.plist */ = {isa = PBXFileReference; fileEncoding = 4; lastKnownFileType = text.plist.xml; path = config_HD5300_5500_6000.plist; sourceTree = "<group>"; };
		ED97346F1C0A5F260063BCF9 /* download.sh */ = {isa = PBXFileReference; fileEncoding = 4; lastKnownFileType = text.script.sh; path = download.sh; sourceTree = "<group>"; };
		ED9734701C0A5F370063BCF9 /* install_downloads.sh */ = {isa = PBXFileReference; fileEncoding = 4; lastKnownFileType = text.script.sh; path = install_downloads.sh; sourceTree = "<group>"; };
		ED99560B1C94BA0C00B3B13F /* SSDT-SATA.dsl */ = {isa = PBXFileReference; fileEncoding = 4; lastKnownFileType = text; name = "SSDT-SATA.dsl"; path = "hotpatch/SSDT-SATA.dsl"; sourceTree = "<group>"; };
		ED99560C1C94BA0C00B3B13F /* SSDT-IMEI.dsl */ = {isa = PBXFileReference; fileEncoding = 4; lastKnownFileType = text; name = "SSDT-IMEI.dsl"; path = "hotpatch/SSDT-IMEI.dsl"; sourceTree = "<group>"; };
		ED99560D1C94BA0C00B3B13F /* SSDT-IGPU.dsl */ = {isa = PBXFileReference; fileEncoding = 4; lastKnownFileType = text; name = "SSDT-IGPU.dsl"; path = "hotpatch/SSDT-IGPU.dsl"; sourceTree = "<group>"; };
		ED99560E1C94BA0C00B3B13F /* SSDT-DEHCI.dsl */ = {isa = PBXFileReference; fileEncoding = 4; lastKnownFileType = text; name = "SSDT-DEHCI.dsl"; path = "hotpatch/SSDT-DEHCI.dsl"; sourceTree = "<group>"; };
		ED99560F1C94BA0C00B3B13F /* SSDT-PTSWAK.dsl */ = {isa = PBXFileReference; fileEncoding = 4; lastKnownFileType = text; name = "SSDT-PTSWAK.dsl"; path = "hotpatch/SSDT-PTSWAK.dsl"; sourceTree = "<group>"; };
		ED9956101C94BA0C00B3B13F /* SSDT-RMCF.dsl */ = {isa = PBXFileReference; fileEncoding = 4; lastKnownFileType = text; lineEnding = 0; name = "SSDT-RMCF.dsl"; path = "hotpatch/SSDT-RMCF.dsl"; sourceTree = "<group>"; xcLanguageSpecificationIdentifier = xcode.lang.simpleColoring; };
		ED9956111C94BA0C00B3B13F /* config.plist */ = {isa = PBXFileReference; fileEncoding = 4; lastKnownFileType = text.plist.xml; name = config.plist; path = hotpatch/config.plist; sourceTree = "<group>"; };
		ED9956131C94BA0C00B3B13F /* SSDT-LANCPRW.dsl */ = {isa = PBXFileReference; fileEncoding = 4; lastKnownFileType = text; name = "SSDT-LANCPRW.dsl"; path = "hotpatch/SSDT-LANCPRW.dsl"; sourceTree = "<group>"; };
		ED9956141C94BA0C00B3B13F /* SSDT-DDGPU.dsl */ = {isa = PBXFileReference; fileEncoding = 4; lastKnownFileType = text; name = "SSDT-DDGPU.dsl"; path = "hotpatch/SSDT-DDGPU.dsl"; sourceTree = "<group>"; };
		ED9956151C94BA0C00B3B13F /* SSDT-LPC.dsl */ = {isa = PBXFileReference; fileEncoding = 4; lastKnownFileType = text; name = "SSDT-LPC.dsl"; path = "hotpatch/SSDT-LPC.dsl"; sourceTree = "<group>"; };
		ED9956161C94BA0C00B3B13F /* SSDT-XOSI.dsl */ = {isa = PBXFileReference; fileEncoding = 4; lastKnownFileType = text; name = "SSDT-XOSI.dsl"; path = "hotpatch/SSDT-XOSI.dsl"; sourceTree = "<group>"; };
		ED9956171C94BA0C00B3B13F /* SSDT-SMBUS.dsl */ = {isa = PBXFileReference; fileEncoding = 4; lastKnownFileType = text; name = "SSDT-SMBUS.dsl"; path = "hotpatch/SSDT-SMBUS.dsl"; sourceTree = "<group>"; };
		ED9956181C94BA0C00B3B13F /* SSDT-PNLF.dsl */ = {isa = PBXFileReference; fileEncoding = 4; lastKnownFileType = text; name = "SSDT-PNLF.dsl"; path = "hotpatch/SSDT-PNLF.dsl"; sourceTree = "<group>"; };
		EDAC054D1CA38DDB00109CA4 /* SSDT-XCPM.dsl */ = {isa = PBXFileReference; fileEncoding = 4; lastKnownFileType = text; name = "SSDT-XCPM.dsl"; path = "hotpatch/SSDT-XCPM.dsl"; sourceTree = "<group>"; };
		EDB68B771C99B72500147700 /* SSDT-XSEL.dsl */ = {isa = PBXFileReference; fileEncoding = 4; lastKnownFileType = text; name = "SSDT-XSEL.dsl"; path = "hotpatch/SSDT-XSEL.dsl"; sourceTree = "<group>"; };
		EDBE0CBD1CC2CA920008EF8F /* SSDT-RMDT.dsl */ = {isa = PBXFileReference; fileEncoding = 4; lastKnownFileType = text; name = "SSDT-RMDT.dsl"; path = "hotpatch/SSDT-RMDT.dsl"; sourceTree = "<group>"; };
		EDD734E11F60491E009645F6 /* config_deprecated.plist */ = {isa = PBXFileReference; fileEncoding = 4; lastKnownFileType = text.plist.xml; path = config_deprecated.plist; sourceTree = "<group>"; };
		EDD76F281C9B1E4A0023D100 /* SSDT-ESEL.dsl */ = {isa = PBXFileReference; fileEncoding = 4; lastKnownFileType = text; name = "SSDT-ESEL.dsl"; path = "hotpatch/SSDT-ESEL.dsl"; sourceTree = "<group>"; };
		EDDD257B1DFE3C4A00092E18 /* config_HD615_620_630_640_650_spoof.plist */ = {isa = PBXFileReference; fileEncoding = 4; lastKnownFileType = text.plist.xml; path = config_HD615_620_630_640_650_spoof.plist; sourceTree = "<group>"; };
		EDE4A34B1EDDD7EC00D52BF1 /* SSDT-ALS0.dsl */ = {isa = PBXFileReference; fileEncoding = 4; lastKnownFileType = text; name = "SSDT-ALS0.dsl"; path = "hotpatch/SSDT-ALS0.dsl"; sourceTree = "<group>"; };
		EDF4A6891F364130000B04AB /* config_HD615_620_630_640_650.plist */ = {isa = PBXFileReference; fileEncoding = 4; lastKnownFileType = text.plist.xml; path = config_HD615_620_630_640_650.plist; sourceTree = "<group>"; };
		EDFCA5301FD4E32600C13A5B /* SSDT-SKLSPF.dsl */ = {isa = PBXFileReference; fileEncoding = 4; lastKnownFileType = text; name = "SSDT-SKLSPF.dsl"; path = "hotpatch/SSDT-SKLSPF.dsl"; sourceTree = "<group>"; };
/* End PBXFileReference section */

/* Begin PBXGroup section */
		84B9D50E16FFE58F002CD441 = {
			isa = PBXGroup;
			children = (
				84B9D52716FFE684002CD441 /* README.md */,
				84B9D52516FFE684002CD441 /* License.md */,
				84B9D52616FFE684002CD441 /* makefile */,
				ED97346F1C0A5F260063BCF9 /* download.sh */,
				ED9734701C0A5F370063BCF9 /* install_downloads.sh */,
				ED6DB3B31C873F1200DB1B7A /* config */,
				EDB940BA1C04D44500480024 /* hotpatch */,
			);
			sourceTree = "<group>";
		};
		ED6DB3B31C873F1200DB1B7A /* config */ = {
			isa = PBXGroup;
			children = (
				ED0A92CD1DFEE98E002D3AC9 /* config_patches.plist */,
				EDD734E11F60491E009645F6 /* config_deprecated.plist */,
				ED6DB3B41C873F5C00DB1B7A /* config_HD3000_1366x768_7series.plist */,
				ED6DB3B51C873F5C00DB1B7A /* config_HD3000_1366x768.plist */,
				ED6DB3B61C873F5C00DB1B7A /* config_HD3000_1600x900_7series.plist */,
				ED6DB3B71C873F5C00DB1B7A /* config_HD3000_1600x900.plist */,
				ED6DB3B81C873F5C00DB1B7A /* config_HD4000_1366x768_6series.plist */,
				ED6DB3B91C873F5C00DB1B7A /* config_HD4000_1366x768.plist */,
				ED6DB3BA1C873F5C00DB1B7A /* config_HD4000_1600x900_6series.plist */,
				ED6DB3BB1C873F5C00DB1B7A /* config_HD4000_1600x900.plist */,
				ED6DB3BC1C873F5C00DB1B7A /* config_HD4600_4400_4200.plist */,
				ED6DB3BD1C873F5C00DB1B7A /* config_HD5000_5100_5200.plist */,
				ED6DB3BE1C873F5C00DB1B7A /* config_HD5300_5500_6000.plist */,
				ED2500581CF681E2006A5FB7 /* config_HD5600.plist */,
				ED3636B91CA426EF004CE8B4 /* config_HD515_520_530_540.plist */,
				ED57679B1CF5D81300ABAEF8 /* config_HD550_P530.plist */,
				ED1D74A61F61C25900BE4F5C /* config_HD510.plist */,
				EDDD257B1DFE3C4A00092E18 /* config_HD615_620_630_640_650_spoof.plist */,
				EDF4A6891F364130000B04AB /* config_HD615_620_630_640_650.plist */,
			);
			name = config;
			sourceTree = "<group>";
		};
		EDB940BA1C04D44500480024 /* hotpatch */ = {
			isa = PBXGroup;
			children = (
				ED9956111C94BA0C00B3B13F /* config.plist */,
				ED9956101C94BA0C00B3B13F /* SSDT-RMCF.dsl */,
				EDBE0CBD1CC2CA920008EF8F /* SSDT-RMDT.dsl */,
				ED9956161C94BA0C00B3B13F /* SSDT-XOSI.dsl */,
				ED99560D1C94BA0C00B3B13F /* SSDT-IGPU.dsl */,
				EDFCA5301FD4E32600C13A5B /* SSDT-SKLSPF.dsl */,
				ED99560C1C94BA0C00B3B13F /* SSDT-IMEI.dsl */,
				ED9956181C94BA0C00B3B13F /* SSDT-PNLF.dsl */,
				ED9956151C94BA0C00B3B13F /* SSDT-LPC.dsl */,
				ED99560B1C94BA0C00B3B13F /* SSDT-SATA.dsl */,
				ED9956141C94BA0C00B3B13F /* SSDT-DDGPU.dsl */,
				ED9956171C94BA0C00B3B13F /* SSDT-SMBUS.dsl */,
				ED08499B1F05AA5100B0828D /* SSDT-GPRW.dsl */,
				ED08499A1F05AA5100B0828D /* SSDT-UPRW.dsl */,
				ED9956131C94BA0C00B3B13F /* SSDT-LANCPRW.dsl */,
				ED99560F1C94BA0C00B3B13F /* SSDT-PTSWAK.dsl */,
				ED99560E1C94BA0C00B3B13F /* SSDT-DEHCI.dsl */,
				ED415C871DDE28C900AC633E /* SSDT-DEH01.dsl */,
				ED415C881DDE28CF00AC633E /* SSDT-DEH02.dsl */,
				ED16FCE51C98D3F6002B97A6 /* SSDT-XWAK.dsl */,
				EDB68B771C99B72500147700 /* SSDT-XSEL.dsl */,
				EDD76F281C9B1E4A0023D100 /* SSDT-ESEL.dsl */,
				EDAC054D1CA38DDB00109CA4 /* SSDT-XCPM.dsl */,
				ED02043F1CA770A2006E7175 /* SSDT-HDEF.dsl */,
				ED0204401CA770A2006E7175 /* SSDT-HDAU.dsl */,
				ED02043E1CA77082006E7175 /* SSDT-EH01.dsl */,
				ED02043D1CA77082006E7175 /* SSDT-EH02.dsl */,
				ED02043C1CA77082006E7175 /* SSDT-XHC.dsl */,
				EDE4A34B1EDDD7EC00D52BF1 /* SSDT-ALS0.dsl */,
			);
			name = hotpatch;
			sourceTree = "<group>";
		};
/* End PBXGroup section */

/* Begin PBXLegacyTarget section */
		84B9D51316FFE58F002CD441 /* Patches */ = {
			isa = PBXLegacyTarget;
			buildArgumentsString = "$(ACTION)";
			buildConfigurationList = 84B9D51616FFE58F002CD441 /* Build configuration list for PBXLegacyTarget "Patches" */;
			buildPhases = (
			);
			buildToolPath = /usr/bin/make;
			dependencies = (
			);
			name = Patches;
			passBuildSettingsInEnvironment = 1;
			productName = Patches;
		};
/* End PBXLegacyTarget section */

/* Begin PBXProject section */
		84B9D50F16FFE58F002CD441 /* Project object */ = {
			isa = PBXProject;
			attributes = {
				LastUpgradeCheck = 0460;
				ORGANIZATIONNAME = RehabMan;
			};
			buildConfigurationList = 84B9D51216FFE58F002CD441 /* Build configuration list for PBXProject "Patches" */;
			compatibilityVersion = "Xcode 3.2";
			developmentRegion = English;
			hasScannedForEncodings = 0;
			knownRegions = (
				en,
			);
			mainGroup = 84B9D50E16FFE58F002CD441;
			projectDirPath = "";
			projectRoot = "";
			targets = (
				84B9D51316FFE58F002CD441 /* Patches */,
			);
		};
/* End PBXProject section */

/* Begin XCBuildConfiguration section */
		84B9D51516FFE58F002CD441 /* Release */ = {
			isa = XCBuildConfiguration;
			buildSettings = {
				ALWAYS_SEARCH_USER_PATHS = NO;
				ARCHS = "$(ARCHS_STANDARD_64_BIT)";
				CLANG_CXX_LANGUAGE_STANDARD = "gnu++0x";
				CLANG_CXX_LIBRARY = "libc++";
				CLANG_WARN_CONSTANT_CONVERSION = YES;
				CLANG_WARN_EMPTY_BODY = YES;
				CLANG_WARN_ENUM_CONVERSION = YES;
				CLANG_WARN_INT_CONVERSION = YES;
				CLANG_WARN__DUPLICATE_METHOD_MATCH = YES;
				COPY_PHASE_STRIP = YES;
				DEBUG_INFORMATION_FORMAT = "dwarf-with-dsym";
				GCC_C_LANGUAGE_STANDARD = gnu99;
				GCC_ENABLE_OBJC_EXCEPTIONS = YES;
				GCC_WARN_64_TO_32_BIT_CONVERSION = YES;
				GCC_WARN_ABOUT_RETURN_TYPE = YES;
				GCC_WARN_UNINITIALIZED_AUTOS = YES;
				GCC_WARN_UNUSED_VARIABLE = YES;
				MACOSX_DEPLOYMENT_TARGET = 10.8;
				SDKROOT = macosx;
			};
			name = Release;
		};
		84B9D51816FFE58F002CD441 /* Release */ = {
			isa = XCBuildConfiguration;
			buildSettings = {
				OTHER_CFLAGS = "";
				OTHER_LDFLAGS = "";
				PRODUCT_NAME = "$(TARGET_NAME)";
			};
			name = Release;
		};
/* End XCBuildConfiguration section */

/* Begin XCConfigurationList section */
		84B9D51216FFE58F002CD441 /* Build configuration list for PBXProject "Patches" */ = {
			isa = XCConfigurationList;
			buildConfigurations = (
				84B9D51516FFE58F002CD441 /* Release */,
			);
			defaultConfigurationIsVisible = 0;
			defaultConfigurationName = Release;
		};
		84B9D51616FFE58F002CD441 /* Build configuration list for PBXLegacyTarget "Patches" */ = {
			isa = XCConfigurationList;
			buildConfigurations = (
				84B9D51816FFE58F002CD441 /* Release */,
			);
			defaultConfigurationIsVisible = 0;
			defaultConfigurationName = Release;
		};
/* End XCConfigurationList section */
	};
	rootObject = 84B9D50F16FFE58F002CD441 /* Project object */;
}
